
Microsoft Visual Studio Solution File, Format Version 12.00
# Visual Studio Version 17
VisualStudioVersion = 17.1.32319.34
MinimumVisualStudioVersion = 10.0.40219.1
Project("{FAE04EC0-301F-11D3-BF4B-00C04F79EFBC}") = "Web project", "Web project.csproj", "{6E24E9B6-9A75-4E97-B057-106FDFF13223}"
EndProject
Global
	GlobalSection(SolutionConfigurationPlatforms) = preSolution
		Debug|Any CPU = Debug|Any CPU
		Release|Any CPU = Release|Any CPU
	EndGlobalSection
	GlobalSection(ProjectConfigurationPlatforms) = postSolution
		{6E24E9B6-9A75-4E97-B057-106FDFF13223}.Debug|Any CPU.ActiveCfg = Debug|Any CPU
		{6E24E9B6-9A75-4E97-B057-106FDFF13223}.Debug|Any CPU.Build.0 = Debug|Any CPU
		{6E24E9B6-9A75-4E97-B057-106FDFF13223}.Release|Any CPU.ActiveCfg = Release|Any CPU
		{6E24E9B6-9A75-4E97-B057-106FDFF13223}.Release|Any CPU.Build.0 = Release|Any CPU
	EndGlobalSection
	GlobalSection(SolutionProperties) = preSolution
		HideSolutionNode = FALSE
	EndGlobalSection
	GlobalSection(ExtensibilityGlobals) = postSolution
		SolutionGuid = {E22D5ECE-0894-4A60-A736-C256E3F36453}
	EndGlobalSection
EndGlobal
